
Microsoft Visual Studio Solution File, Format Version 12.00
# Visual Studio 2012
Project("{FAE04EC0-301F-11D3-BF4B-00C04F79EFBC}") = "SubStringCounter", "SubStringCounter\SubStringCounter.csproj", "{4E653F2F-7DD8-40AC-9A15-5F20D771E185}"
EndProject
Global
	GlobalSection(SolutionConfigurationPlatforms) = preSolution
		Debug|Any CPU = Debug|Any CPU
		Release|Any CPU = Release|Any CPU
	EndGlobalSection
	GlobalSection(ProjectConfigurationPlatforms) = postSolution
		{4E653F2F-7DD8-40AC-9A15-5F20D771E185}.Debug|Any CPU.ActiveCfg = Debug|Any CPU
		{4E653F2F-7DD8-40AC-9A15-5F20D771E185}.Debug|Any CPU.Build.0 = Debug|Any CPU
		{4E653F2F-7DD8-40AC-9A15-5F20D771E185}.Release|Any CPU.ActiveCfg = Release|Any CPU
		{4E653F2F-7DD8-40AC-9A15-5F20D771E185}.Release|Any CPU.Build.0 = Release|Any CPU
	EndGlobalSection
	GlobalSection(SolutionProperties) = preSolution
		HideSolutionNode = FALSE
	EndGlobalSection
EndGlobal
